
Microsoft Visual Studio Solution File, Format Version 12.00
# Visual Studio Version 16
VisualStudioVersion = 16.0.31702.278
MinimumVisualStudioVersion = 10.0.40219.1
Project("{FAE04EC0-301F-11D3-BF4B-00C04F79EFBC}") = "Test_WAD", "Test_WAD.csproj", "{3EE12953-80E7-4A63-A4D7-94162619FD3B}"
EndProject
Global
	GlobalSection(SolutionConfigurationPlatforms) = preSolution
		Debug|Any CPU = Debug|Any CPU
		Release|Any CPU = Release|Any CPU
	EndGlobalSection
	GlobalSection(ProjectConfigurationPlatforms) = postSolution
		{3EE12953-80E7-4A63-A4D7-94162619FD3B}.Debug|Any CPU.ActiveCfg = Debug|Any CPU
		{3EE12953-80E7-4A63-A4D7-94162619FD3B}.Debug|Any CPU.Build.0 = Debug|Any CPU
		{3EE12953-80E7-4A63-A4D7-94162619FD3B}.Release|Any CPU.ActiveCfg = Release|Any CPU
		{3EE12953-80E7-4A63-A4D7-94162619FD3B}.Release|Any CPU.Build.0 = Release|Any CPU
	EndGlobalSection
	GlobalSection(SolutionProperties) = preSolution
		HideSolutionNode = FALSE
	EndGlobalSection
	GlobalSection(ExtensibilityGlobals) = postSolution
		SolutionGuid = {EFE4D45B-428C-4BA0-B24A-990AF52BFF56}
	EndGlobalSection
EndGlobal
